
Microsoft Visual Studio Solution File, Format Version 12.00
# Visual Studio Version 16
VisualStudioVersion = 16.0.28729.10
MinimumVisualStudioVersion = 10.0.40219.1
Project("{FAE04EC0-301F-11D3-BF4B-00C04F79EFBC}") = "CodeFirstDemo", "CodeFirstDemo.csproj", "{6E037D95-1D65-4192-A547-77E42A1DB6A1}"
EndProject
Project("{FAE04EC0-301F-11D3-BF4B-00C04F79EFBC}") = "Model", "..\Model\Model.csproj", "{5EEE3CA4-4BE3-4158-88F0-9FBF7FB9083A}"
EndProject
Global
	GlobalSection(SolutionConfigurationPlatforms) = preSolution
		Debug|Any CPU = Debug|Any CPU
		Release|Any CPU = Release|Any CPU
	EndGlobalSection
	GlobalSection(ProjectConfigurationPlatforms) = postSolution
		{6E037D95-1D65-4192-A547-77E42A1DB6A1}.Debug|Any CPU.ActiveCfg = Debug|Any CPU
		{6E037D95-1D65-4192-A547-77E42A1DB6A1}.Debug|Any CPU.Build.0 = Debug|Any CPU
		{6E037D95-1D65-4192-A547-77E42A1DB6A1}.Release|Any CPU.ActiveCfg = Release|Any CPU
		{6E037D95-1D65-4192-A547-77E42A1DB6A1}.Release|Any CPU.Build.0 = Release|Any CPU
		{5EEE3CA4-4BE3-4158-88F0-9FBF7FB9083A}.Debug|Any CPU.ActiveCfg = Debug|Any CPU
		{5EEE3CA4-4BE3-4158-88F0-9FBF7FB9083A}.Debug|Any CPU.Build.0 = Debug|Any CPU
		{5EEE3CA4-4BE3-4158-88F0-9FBF7FB9083A}.Release|Any CPU.ActiveCfg = Release|Any CPU
		{5EEE3CA4-4BE3-4158-88F0-9FBF7FB9083A}.Release|Any CPU.Build.0 = Release|Any CPU
	EndGlobalSection
	GlobalSection(SolutionProperties) = preSolution
		HideSolutionNode = FALSE
	EndGlobalSection
	GlobalSection(ExtensibilityGlobals) = postSolution
		SolutionGuid = {BA722D95-C780-44D7-A9B0-AC93FE5B6439}
	EndGlobalSection
EndGlobal
